// !$*UTF8*$!
{
	archiveVersion = 1;
	classes = {
	};
	objectVersion = 50;
	objects = {

/* Begin PBXBuildFile section */
		F62F4946246BEF89004C262A /* AppDelegate.swift in Sources */ = {isa = PBXBuildFile; fileRef = F62F4945246BEF89004C262A /* AppDelegate.swift */; };
		F62F4948246BEF89004C262A /* SceneDelegate.swift in Sources */ = {isa = PBXBuildFile; fileRef = F62F4947246BEF89004C262A /* SceneDelegate.swift */; };
		F62F494A246BEF89004C262A /* ViewController.swift in Sources */ = {isa = PBXBuildFile; fileRef = F62F4949246BEF89004C262A /* ViewController.swift */; };
		F62F494D246BEF89004C262A /* Main.storyboard in Resources */ = {isa = PBXBuildFile; fileRef = F62F494B246BEF89004C262A /* Main.storyboard */; };
		F62F494F246BEF9D004C262A /* Assets.xcassets in Resources */ = {isa = PBXBuildFile; fileRef = F62F494E246BEF9D004C262A /* Assets.xcassets */; };
		F62F4952246BEF9D004C262A /* LaunchScreen.storyboard in Resources */ = {isa = PBXBuildFile; fileRef = F62F4950246BEF9D004C262A /* LaunchScreen.storyboard */; };
		F62F495B246C8C2B004C262A /* WeatherData.swift in Sources */ = {isa = PBXBuildFile; fileRef = F62F495A246C8C2B004C262A /* WeatherData.swift */; };
		F62F495D246C8E9D004C262A /* WeatherManager.swift in Sources */ = {isa = PBXBuildFile; fileRef = F62F495C246C8E9D004C262A /* WeatherManager.swift */; };
		F62F495F246C9459004C262A /* WeatherModel.swift in Sources */ = {isa = PBXBuildFile; fileRef = F62F495E246C9459004C262A /* WeatherModel.swift */; };
/* End PBXBuildFile section */

/* Begin PBXFileReference section */
		F62F4942246BEF88004C262A /* Today's Weather-IOS.app */ = {isa = PBXFileReference; explicitFileType = wrapper.application; includeInIndex = 0; path = "Today's Weather-IOS.app"; sourceTree = BUILT_PRODUCTS_DIR; };
		F62F4945246BEF89004C262A /* AppDelegate.swift */ = {isa = PBXFileReference; lastKnownFileType = sourcecode.swift; path = AppDelegate.swift; sourceTree = "<group>"; };
		F62F4947246BEF89004C262A /* SceneDelegate.swift */ = {isa = PBXFileReference; lastKnownFileType = sourcecode.swift; path = SceneDelegate.swift; sourceTree = "<group>"; };
		F62F4949246BEF89004C262A /* ViewController.swift */ = {isa = PBXFileReference; lastKnownFileType = sourcecode.swift; path = ViewController.swift; sourceTree = "<group>"; };
		F62F494C246BEF89004C262A /* Base */ = {isa = PBXFileReference; lastKnownFileType = file.storyboard; name = Base; path = Base.lproj/Main.storyboard; sourceTree = "<group>"; };
		F62F494E246BEF9D004C262A /* Assets.xcassets */ = {isa = PBXFileReference; lastKnownFileType = folder.assetcatalog; path = Assets.xcassets; sourceTree = "<group>"; };
		F62F4951246BEF9D004C262A /* Base */ = {isa = PBXFileReference; lastKnownFileType = file.storyboard; name = Base; path = Base.lproj/LaunchScreen.storyboard; sourceTree = "<group>"; };
		F62F4953246BEF9D004C262A /* Info.plist */ = {isa = PBXFileReference; lastKnownFileType = text.plist.xml; path = Info.plist; sourceTree = "<group>"; };
		F62F495A246C8C2B004C262A /* WeatherData.swift */ = {isa = PBXFileReference; lastKnownFileType = sourcecode.swift; path = WeatherData.swift; sourceTree = "<group>"; };
		F62F495C246C8E9D004C262A /* WeatherManager.swift */ = {isa = PBXFileReference; lastKnownFileType = sourcecode.swift; path = WeatherManager.swift; sourceTree = "<group>"; };
		F62F495E246C9459004C262A /* WeatherModel.swift */ = {isa = PBXFileReference; lastKnownFileType = sourcecode.swift; path = WeatherModel.swift; sourceTree = "<group>"; };
/* End PBXFileReference section */

/* Begin PBXFrameworksBuildPhase section */
		F62F493F246BEF88004C262A /* Frameworks */ = {
			isa = PBXFrameworksBuildPhase;
			buildActionMask = 2147483647;
			files = (
			);
			runOnlyForDeploymentPostprocessing = 0;
		};
/* End PBXFrameworksBuildPhase section */

/* Begin PBXGroup section */
		F62F4939246BEF88004C262A = {
			isa = PBXGroup;
			children = (
				F62F4944246BEF88004C262A /* Today's Weather-IOS */,
				F62F4943246BEF88004C262A /* Products */,
			);
			sourceTree = "<group>";
		};
		F62F4943246BEF88004C262A /* Products */ = {
			isa = PBXGroup;
			children = (
				F62F4942246BEF88004C262A /* Today's Weather-IOS.app */,
			);
			name = Products;
			sourceTree = "<group>";
		};
		F62F4944246BEF88004C262A /* Today's Weather-IOS */ = {
			isa = PBXGroup;
			children = (
				F62F4959246C8BFE004C262A /* Model */,
				F62F4945246BEF89004C262A /* AppDelegate.swift */,
				F62F4947246BEF89004C262A /* SceneDelegate.swift */,
				F62F4949246BEF89004C262A /* ViewController.swift */,
				F62F494B246BEF89004C262A /* Main.storyboard */,
				F62F494E246BEF9D004C262A /* Assets.xcassets */,
				F62F4950246BEF9D004C262A /* LaunchScreen.storyboard */,
				F62F4953246BEF9D004C262A /* Info.plist */,
			);
			path = "Today's Weather-IOS";
			sourceTree = "<group>";
		};
		F62F4959246C8BFE004C262A /* Model */ = {
			isa = PBXGroup;
			children = (
				F62F495A246C8C2B004C262A /* WeatherData.swift */,
				F62F495C246C8E9D004C262A /* WeatherManager.swift */,
				F62F495E246C9459004C262A /* WeatherModel.swift */,
			);
			path = Model;
			sourceTree = "<group>";
		};
/* End PBXGroup section */

/* Begin PBXNativeTarget section */
		F62F4941246BEF88004C262A /* Today's Weather-IOS */ = {
			isa = PBXNativeTarget;
			buildConfigurationList = F62F4956246BEF9D004C262A /* Build configuration list for PBXNativeTarget "Today's Weather-IOS" */;
			buildPhases = (
				F62F493E246BEF88004C262A /* Sources */,
				F62F493F246BEF88004C262A /* Frameworks */,
				F62F4940246BEF88004C262A /* Resources */,
			);
			buildRules = (
			);
			dependencies = (
			);
			name = "Today's Weather-IOS";
			productName = "Today's Weather-IOS";
			productReference = F62F4942246BEF88004C262A /* Today's Weather-IOS.app */;
			productType = "com.apple.product-type.application";
		};
/* End PBXNativeTarget section */

/* Begin PBXProject section */
		F62F493A246BEF88004C262A /* Project object */ = {
			isa = PBXProject;
			attributes = {
				LastSwiftUpdateCheck = 1140;
				LastUpgradeCheck = 1140;
				ORGANIZATIONNAME = "Dewesh Sunuwar";
				TargetAttributes = {
					F62F4941246BEF88004C262A = {
						CreatedOnToolsVersion = 11.4.1;
					};
				};
			};
			buildConfigurationList = F62F493D246BEF88004C262A /* Build configuration list for PBXProject "Today's Weather-IOS" */;
			compatibilityVersion = "Xcode 9.3";
			developmentRegion = en;
			hasScannedForEncodings = 0;
			knownRegions = (
				en,
				Base,
			);
			mainGroup = F62F4939246BEF88004C262A;
			productRefGroup = F62F4943246BEF88004C262A /* Products */;
			projectDirPath = "";
			projectRoot = "";
			targets = (
				F62F4941246BEF88004C262A /* Today's Weather-IOS */,
			);
		};
/* End PBXProject section */

/* Begin PBXResourcesBuildPhase section */
		F62F4940246BEF88004C262A /* Resources */ = {
			isa = PBXResourcesBuildPhase;
			buildActionMask = 2147483647;
			files = (
				F62F4952246BEF9D004C262A /* LaunchScreen.storyboard in Resources */,
				F62F494F246BEF9D004C262A /* Assets.xcassets in Resources */,
				F62F494D246BEF89004C262A /* Main.storyboard in Resources */,
			);
			runOnlyForDeploymentPostprocessing = 0;
		};
/* End PBXResourcesBuildPhase section */

/* Begin PBXSourcesBuildPhase section */
		F62F493E246BEF88004C262A /* Sources */ = {
			isa = PBXSourcesBuildPhase;
			buildActionMask = 2147483647;
			files = (
				F62F494A246BEF89004C262A /* ViewController.swift in Sources */,
				F62F4946246BEF89004C262A /* AppDelegate.swift in Sources */,
				F62F495D246C8E9D004C262A /* WeatherManager.swift in Sources */,
				F62F495B246C8C2B004C262A /* WeatherData.swift in Sources */,
				F62F495F246C9459004C262A /* WeatherModel.swift in Sources */,
				F62F4948246BEF89004C262A /* SceneDelegate.swift in Sources */,
			);
			runOnlyForDeploymentPostprocessing = 0;
		};
/* End PBXSourcesBuildPhase section */

/* Begin PBXVariantGroup section */
		F62F494B246BEF89004C262A /* Main.storyboard */ = {
			isa = PBXVariantGroup;
			children = (
				F62F494C246BEF89004C262A /* Base */,
			);
			name = Main.storyboard;
			sourceTree = "<group>";
		};
		F62F4950246BEF9D004C262A /* LaunchScreen.storyboard */ = {
			isa = PBXVariantGroup;
			children = (
				F62F4951246BEF9D004C262A /* Base */,
			);
			name = LaunchScreen.storyboard;
			sourceTree = "<group>";
		};
/* End PBXVariantGroup section */

/* Begin XCBuildConfiguration section */
		F62F4954246BEF9D004C262A /* Debug */ = {
			isa = XCBuildConfiguration;
			buildSettings = {
				ALWAYS_SEARCH_USER_PATHS = NO;
				CLANG_ANALYZER_NONNULL = YES;
				CLANG_ANALYZER_NUMBER_OBJECT_CONVERSION = YES_AGGRESSIVE;
				CLANG_CXX_LANGUAGE_STANDARD = "gnu++14";
				CLANG_CXX_LIBRARY = "libc++";
				CLANG_ENABLE_MODULES = YES;
				CLANG_ENABLE_OBJC_ARC = YES;
				CLANG_ENABLE_OBJC_WEAK = YES;
				CLANG_WARN_BLOCK_CAPTURE_AUTORELEASING = YES;
				CLANG_WARN_BOOL_CONVERSION = YES;
				CLANG_WARN_COMMA = YES;
				CLANG_WARN_CONSTANT_CONVERSION = YES;
				CLANG_WARN_DEPRECATED_OBJC_IMPLEMENTATIONS = YES;
				CLANG_WARN_DIRECT_OBJC_ISA_USAGE = YES_ERROR;
				CLANG_WARN_DOCUMENTATION_COMMENTS = YES;
				CLANG_WARN_EMPTY_BODY = YES;
				CLANG_WARN_ENUM_CONVERSION = YES;
				CLANG_WARN_INFINITE_RECURSION = YES;
				CLANG_WARN_INT_CONVERSION = YES;
				CLANG_WARN_NON_LITERAL_NULL_CONVERSION = YES;
				CLANG_WARN_OBJC_IMPLICIT_RETAIN_SELF = YES;
				CLANG_WARN_OBJC_LITERAL_CONVERSION = YES;
				CLANG_WARN_OBJC_ROOT_CLASS = YES_ERROR;
				CLANG_WARN_RANGE_LOOP_ANALYSIS = YES;
				CLANG_WARN_STRICT_PROTOTYPES = YES;
				CLANG_WARN_SUSPICIOUS_MOVE = YES;
				CLANG_WARN_UNGUARDED_AVAILABILITY = YES_AGGRESSIVE;
				CLANG_WARN_UNREACHABLE_CODE = YES;
				CLANG_WARN__DUPLICATE_METHOD_MATCH = YES;
				COPY_PHASE_STRIP = NO;
				DEBUG_INFORMATION_FORMAT = dwarf;
				ENABLE_STRICT_OBJC_MSGSEND = YES;
				ENABLE_TESTABILITY = YES;
				GCC_C_LANGUAGE_STANDARD = gnu11;
				GCC_DYNAMIC_NO_PIC = NO;
				GCC_NO_COMMON_BLOCKS = YES;
				GCC_OPTIMIZATION_LEVEL = 0;
				GCC_PREPROCESSOR_DEFINITIONS = (
					"DEBUG=1",
					"$(inherited)",
				);
				GCC_WARN_64_TO_32_BIT_CONVERSION = YES;
				GCC_WARN_ABOUT_RETURN_TYPE = YES_ERROR;
				GCC_WARN_UNDECLARED_SELECTOR = YES;
				GCC_WARN_UNINITIALIZED_AUTOS = YES_AGGRESSIVE;
				GCC_WARN_UNUSED_FUNCTION = YES;
				GCC_WARN_UNUSED_VARIABLE = YES;
				IPHONEOS_DEPLOYMENT_TARGET = 13.4;
				MTL_ENABLE_DEBUG_INFO = INCLUDE_SOURCE;
				MTL_FAST_MATH = YES;
				ONLY_ACTIVE_ARCH = YES;
				SDKROOT = iphoneos;
				SWIFT_ACTIVE_COMPILATION_CONDITIONS = DEBUG;
				SWIFT_OPTIMIZATION_LEVEL = "-Onone";
			};
			name = Debug;
		};
		F62F4955246BEF9D004C262A /* Release */ = {
			isa = XCBuildConfiguration;
			buildSettings = {
				ALWAYS_SEARCH_USER_PATHS = NO;
				CLANG_ANALYZER_NONNULL = YES;
				CLANG_ANALYZER_NUMBER_OBJECT_CONVERSION = YES_AGGRESSIVE;
				CLANG_CXX_LANGUAGE_STANDARD = "gnu++14";
				CLANG_CXX_LIBRARY = "libc++";
				CLANG_ENABLE_MODULES = YES;
				CLANG_ENABLE_OBJC_ARC = YES;
				CLANG_ENABLE_OBJC_WEAK = YES;
				CLANG_WARN_BLOCK_CAPTURE_AUTORELEASING = YES;
				CLANG_WARN_BOOL_CONVERSION = YES;
				CLANG_WARN_COMMA = YES;
				CLANG_WARN_CONSTANT_CONVERSION = YES;
				CLANG_WARN_DEPRECATED_OBJC_IMPLEMENTATIONS = YES;
				CLANG_WARN_DIRECT_OBJC_ISA_USAGE = YES_ERROR;
				CLANG_WARN_DOCUMENTATION_COMMENTS = YES;
				CLANG_WARN_EMPTY_BODY = YES;
				CLANG_WARN_ENUM_CONVERSION = YES;
				CLANG_WARN_INFINITE_RECURSION = YES;
				CLANG_WARN_INT_CONVERSION = YES;
				CLANG_WARN_NON_LITERAL_NULL_CONVERSION = YES;
				CLANG_WARN_OBJC_IMPLICIT_RETAIN_SELF = YES;
				CLANG_WARN_OBJC_LITERAL_CONVERSION = YES;
				CLANG_WARN_OBJC_ROOT_CLASS = YES_ERROR;
				CLANG_WARN_RANGE_LOOP_ANALYSIS = YES;
				CLANG_WARN_STRICT_PROTOTYPES = YES;
				CLANG_WARN_SUSPICIOUS_MOVE = YES;
				CLANG_WARN_UNGUARDED_AVAILABILITY = YES_AGGRESSIVE;
				CLANG_WARN_UNREACHABLE_CODE = YES;
				CLANG_WARN__DUPLICATE_METHOD_MATCH = YES;
				COPY_PHASE_STRIP = NO;
				DEBUG_INFORMATION_FORMAT = "dwarf-with-dsym";
				ENABLE_NS_ASSERTIONS = NO;
				ENABLE_STRICT_OBJC_MSGSEND = YES;
				GCC_C_LANGUAGE_STANDARD = gnu11;
				GCC_NO_COMMON_BLOCKS = YES;
				GCC_WARN_64_TO_32_BIT_CONVERSION = YES;
				GCC_WARN_ABOUT_RETURN_TYPE = YES_ERROR;
				GCC_WARN_UNDECLARED_SELECTOR = YES;
				GCC_WARN_UNINITIALIZED_AUTOS = YES_AGGRESSIVE;
				GCC_WARN_UNUSED_FUNCTION = YES;
				GCC_WARN_UNUSED_VARIABLE = YES;
				IPHONEOS_DEPLOYMENT_TARGET = 13.4;
				MTL_ENABLE_DEBUG_INFO = NO;
				MTL_FAST_MATH = YES;
				SDKROOT = iphoneos;
				SWIFT_COMPILATION_MODE = wholemodule;
				SWIFT_OPTIMIZATION_LEVEL = "-O";
				VALIDATE_PRODUCT = YES;
			};
			name = Release;
		};
		F62F4957246BEF9D004C262A /* Debug */ = {
			isa = XCBuildConfiguration;
			buildSettings = {
				ASSETCATALOG_COMPILER_APPICON_NAME = AppIcon;
				CODE_SIGN_STYLE = Automatic;
				DEVELOPMENT_TEAM = 2B65B9XQ84;
				INFOPLIST_FILE = "Today's Weather-IOS/Info.plist";
				IPHONEOS_DEPLOYMENT_TARGET = 13.1;
				LD_RUNPATH_SEARCH_PATHS = (
					"$(inherited)",
					"@executable_path/Frameworks",
				);
				PRODUCT_BUNDLE_IDENTIFIER = "com.dewesh.Today-s-Weather-IOS";
				PRODUCT_NAME = "$(TARGET_NAME)";
				SWIFT_VERSION = 5.0;
				TARGETED_DEVICE_FAMILY = "1,2";
			};
			name = Debug;
		};
		F62F4958246BEF9D004C262A /* Release */ = {
			isa = XCBuildConfiguration;
			buildSettings = {
				ASSETCATALOG_COMPILER_APPICON_NAME = AppIcon;
				CODE_SIGN_STYLE = Automatic;
				DEVELOPMENT_TEAM = 2B65B9XQ84;
				INFOPLIST_FILE = "Today's Weather-IOS/Info.plist";
				IPHONEOS_DEPLOYMENT_TARGET = 13.1;
				LD_RUNPATH_SEARCH_PATHS = (
					"$(inherited)",
					"@executable_path/Frameworks",
				);
				PRODUCT_BUNDLE_IDENTIFIER = "com.dewesh.Today-s-Weather-IOS";
				PRODUCT_NAME = "$(TARGET_NAME)";
				SWIFT_VERSION = 5.0;
				TARGETED_DEVICE_FAMILY = "1,2";
			};
			name = Release;
		};
/* End XCBuildConfiguration section */

/* Begin XCConfigurationList section */
		F62F493D246BEF88004C262A /* Build configuration list for PBXProject "Today's Weather-IOS" */ = {
			isa = XCConfigurationList;
			buildConfigurations = (
				F62F4954246BEF9D004C262A /* Debug */,
				F62F4955246BEF9D004C262A /* Release */,
			);
			defaultConfigurationIsVisible = 0;
			defaultConfigurationName = Release;
		};
		F62F4956246BEF9D004C262A /* Build configuration list for PBXNativeTarget "Today's Weather-IOS" */ = {
			isa = XCConfigurationList;
			buildConfigurations = (
				F62F4957246BEF9D004C262A /* Debug */,
				F62F4958246BEF9D004C262A /* Release */,
			);
			defaultConfigurationIsVisible = 0;
			defaultConfigurationName = Release;
		};
/* End XCConfigurationList section */
	};
	rootObject = F62F493A246BEF88004C262A /* Project object */;
}
